
Microsoft Visual Studio Solution File, Format Version 12.00
# Visual Studio Version 17
VisualStudioVersion = 17.9.34728.123
MinimumVisualStudioVersion = 10.0.40219.1
Project("{FAE04EC0-301F-11D3-BF4B-00C04F79EFBC}") = "douglasinterface", "douglasinterface\douglasinterface.csproj", "{6BAF42E7-59EC-4835-BBA5-41CF97AEB7EC}"
EndProject
Global
	GlobalSection(SolutionConfigurationPlatforms) = preSolution
		Debug|Any CPU = Debug|Any CPU
		Release|Any CPU = Release|Any CPU
	EndGlobalSection
	GlobalSection(ProjectConfigurationPlatforms) = postSolution
		{6BAF42E7-59EC-4835-BBA5-41CF97AEB7EC}.Debug|Any CPU.ActiveCfg = Debug|Any CPU
		{6BAF42E7-59EC-4835-BBA5-41CF97AEB7EC}.Debug|Any CPU.Build.0 = Debug|Any CPU
		{6BAF42E7-59EC-4835-BBA5-41CF97AEB7EC}.Release|Any CPU.ActiveCfg = Release|Any CPU
		{6BAF42E7-59EC-4835-BBA5-41CF97AEB7EC}.Release|Any CPU.Build.0 = Release|Any CPU
	EndGlobalSection
	GlobalSection(SolutionProperties) = preSolution
		HideSolutionNode = FALSE
	EndGlobalSection
	GlobalSection(ExtensibilityGlobals) = postSolution
		SolutionGuid = {326062BE-441B-4CEA-BAAC-6DB41B3E01F8}
	EndGlobalSection
EndGlobal
